// !$*UTF8*$!
{
	archiveVersion = 1;
	classes = {
	};
	objectVersion = 77;
	objects = {

/* Begin PBXBuildFile section */
		028CE4C8D425F69AC1A19C78 /* KeyboardInterceptor.swift in Sources */ = {isa = PBXBuildFile; fileRef = 2737A5BF399D957F14C3C900 /* KeyboardInterceptor.swift */; };
		037E96850AF68D1F7BCCBF4D /* PathCompleterTests.swift in Sources */ = {isa = PBXBuildFile; fileRef = 25AA11759DFEDB6938588F43 /* PathCompleterTests.swift */; };
		18AF0511ED0B0D06B3253709 /* GitPanelModeTests.swift in Sources */ = {isa = PBXBuildFile; fileRef = 9A70DEE8D702BD700282057A /* GitPanelModeTests.swift */; };
		23210B1FD78DD29DFEE68476 /* main.swift in Sources */ = {isa = PBXBuildFile; fileRef = FE8973F0A7820B62FBE4E9D8 /* main.swift */; };
		41DFD13C7066EDF84DC0CA65 /* StatusItemController.swift in Sources */ = {isa = PBXBuildFile; fileRef = DE7B0F79C6CCFD0EBE628A07 /* StatusItemController.swift */; };
		4BD061C420CD1299DE0E6211 /* GlobalHotKey.swift in Sources */ = {isa = PBXBuildFile; fileRef = 4A3F25F25A1D30CBD98A2063 /* GlobalHotKey.swift */; };
		4D28DC063F26C3F136696B70 /* ProcessCWDTests.swift in Sources */ = {isa = PBXBuildFile; fileRef = 6E176490AFBEF8AFB9CC6B81 /* ProcessCWDTests.swift */; };
		5960F58A49FFDA121DAB1EB4 /* CommandHistoryTests.swift in Sources */ = {isa = PBXBuildFile; fileRef = D295647E4D3C71946400AA19 /* CommandHistoryTests.swift */; };
		6517A8DB91186DA6955A42A0 /* PathCompleter.swift in Sources */ = {isa = PBXBuildFile; fileRef = 1EFCD2E1DA437584E3588E29 /* PathCompleter.swift */; };
		6AD6D1B27D1FED679AE96795 /* GitPanelMode.swift in Sources */ = {isa = PBXBuildFile; fileRef = 39069031DD5FE89F2A0EE2A3 /* GitPanelMode.swift */; };
		78F7E70FBD2309757BB9D563 /* AnsiStripperTests.swift in Sources */ = {isa = PBXBuildFile; fileRef = C3B2B54D2ECBBAA010062FE2 /* AnsiStripperTests.swift */; };
		7B3E90DCB962394098CF9677 /* AppConfig.swift in Sources */ = {isa = PBXBuildFile; fileRef = 73169BBADF041E6617B6AAD0 /* AppConfig.swift */; };
		7F3BBE8E229B59486A7765FC /* ProcessCWD.swift in Sources */ = {isa = PBXBuildFile; fileRef = 5425DF859E6EAA6252AFB703 /* ProcessCWD.swift */; };
		8F3A7EBF180599046723BC9C /* TouchBarController.swift in Sources */ = {isa = PBXBuildFile; fileRef = 83980142316B07111FCBABD5 /* TouchBarController.swift */; };
		99C340AD1616DE9C2BBDC8A4 /* GitStatus.swift in Sources */ = {isa = PBXBuildFile; fileRef = FD84DCD1FBA068D878BDC827 /* GitStatus.swift */; };
		A6900FEA6291461B699C6FF5 /* TerminalParserTests.swift in Sources */ = {isa = PBXBuildFile; fileRef = 6A4550DA6F1C7C8146CABCCC /* TerminalParserTests.swift */; };
		AE944AEBC0A2644D7CB5AED8 /* RunCommandTests.swift in Sources */ = {isa = PBXBuildFile; fileRef = B963504F9803A6422DAE3561 /* RunCommandTests.swift */; };
		B4E8C86E144DD735D4F1DCE2 /* AnsiStripper.swift in Sources */ = {isa = PBXBuildFile; fileRef = A5730B204C4726407D15C312 /* AnsiStripper.swift */; };
		B4EEC0FEC45B26958B3C72B5 /* PTYBridge.swift in Sources */ = {isa = PBXBuildFile; fileRef = 53BE9563996BA6128255953D /* PTYBridge.swift */; };
		D5673926FA7CBE8F3DA26E2A /* GitStatusTests.swift in Sources */ = {isa = PBXBuildFile; fileRef = 3B3C796C5D52ED8ADA6CF1DD /* GitStatusTests.swift */; };
		D6D577A8795403E5B3FB22CF /* CommandHistory.swift in Sources */ = {isa = PBXBuildFile; fileRef = 2568E62C339551F482C4DD80 /* CommandHistory.swift */; };
		DF8FB48B9E6920F66632FA75 /* docs in Resources */ = {isa = PBXBuildFile; fileRef = 03738BE7CB3AF3D97028E75C /* docs */; };
		E1CD9751193214DD70F49F01 /* TerminalParser.swift in Sources */ = {isa = PBXBuildFile; fileRef = 57EC57C433641DF940C692A5 /* TerminalParser.swift */; };
		E5F58EF589F2544B091571F7 /* AppDelegate.swift in Sources */ = {isa = PBXBuildFile; fileRef = C83FF82291171789B78E016A /* AppDelegate.swift */; };
		F235973025E712A66FC93AAB /* TerminalSession.swift in Sources */ = {isa = PBXBuildFile; fileRef = 954484C56F6CA65A043E3AA8 /* TerminalSession.swift */; };
/* End PBXBuildFile section */

/* Begin PBXContainerItemProxy section */
		567F1AAD5E18137C3631DBBA /* PBXContainerItemProxy */ = {
			isa = PBXContainerItemProxy;
			containerPortal = 314866B96AE00129FFE59740 /* Project object */;
			proxyType = 1;
			remoteGlobalIDString = 67EE1A22238D9C210D1A58F6;
			remoteInfo = TouchBarTerminal;
		};
/* End PBXContainerItemProxy section */

/* Begin PBXFileReference section */
		03738BE7CB3AF3D97028E75C /* docs */ = {isa = PBXFileReference; lastKnownFileType = folder; path = docs; sourceTree = SOURCE_ROOT; };
		1EFCD2E1DA437584E3588E29 /* PathCompleter.swift */ = {isa = PBXFileReference; lastKnownFileType = sourcecode.swift; path = PathCompleter.swift; sourceTree = "<group>"; };
		2568E62C339551F482C4DD80 /* CommandHistory.swift */ = {isa = PBXFileReference; lastKnownFileType = sourcecode.swift; path = CommandHistory.swift; sourceTree = "<group>"; };
		25AA11759DFEDB6938588F43 /* PathCompleterTests.swift */ = {isa = PBXFileReference; lastKnownFileType = sourcecode.swift; path = PathCompleterTests.swift; sourceTree = "<group>"; };
		2737A5BF399D957F14C3C900 /* KeyboardInterceptor.swift */ = {isa = PBXFileReference; lastKnownFileType = sourcecode.swift; path = KeyboardInterceptor.swift; sourceTree = "<group>"; };
		39069031DD5FE89F2A0EE2A3 /* GitPanelMode.swift */ = {isa = PBXFileReference; lastKnownFileType = sourcecode.swift; path = GitPanelMode.swift; sourceTree = "<group>"; };
		3B3C796C5D52ED8ADA6CF1DD /* GitStatusTests.swift */ = {isa = PBXFileReference; lastKnownFileType = sourcecode.swift; path = GitStatusTests.swift; sourceTree = "<group>"; };
		4A3F25F25A1D30CBD98A2063 /* GlobalHotKey.swift */ = {isa = PBXFileReference; lastKnownFileType = sourcecode.swift; path = GlobalHotKey.swift; sourceTree = "<group>"; };
		53BE9563996BA6128255953D /* PTYBridge.swift */ = {isa = PBXFileReference; lastKnownFileType = sourcecode.swift; path = PTYBridge.swift; sourceTree = "<group>"; };
		5425DF859E6EAA6252AFB703 /* ProcessCWD.swift */ = {isa = PBXFileReference; lastKnownFileType = sourcecode.swift; path = ProcessCWD.swift; sourceTree = "<group>"; };
		57EC57C433641DF940C692A5 /* TerminalParser.swift */ = {isa = PBXFileReference; lastKnownFileType = sourcecode.swift; path = TerminalParser.swift; sourceTree = "<group>"; };
		6A4550DA6F1C7C8146CABCCC /* TerminalParserTests.swift */ = {isa = PBXFileReference; lastKnownFileType = sourcecode.swift; path = TerminalParserTests.swift; sourceTree = "<group>"; };
		6E176490AFBEF8AFB9CC6B81 /* ProcessCWDTests.swift */ = {isa = PBXFileReference; lastKnownFileType = sourcecode.swift; path = ProcessCWDTests.swift; sourceTree = "<group>"; };
		73169BBADF041E6617B6AAD0 /* AppConfig.swift */ = {isa = PBXFileReference; lastKnownFileType = sourcecode.swift; path = AppConfig.swift; sourceTree = "<group>"; };
		7F1166299CD1A128FA49CC03 /* TouchBarTerminalTests.xctest */ = {isa = PBXFileReference; explicitFileType = wrapper.cfbundle; includeInIndex = 0; path = TouchBarTerminalTests.xctest; sourceTree = BUILT_PRODUCTS_DIR; };
		83980142316B07111FCBABD5 /* TouchBarController.swift */ = {isa = PBXFileReference; lastKnownFileType = sourcecode.swift; path = TouchBarController.swift; sourceTree = "<group>"; };
		93238C9A3F80932C038D5C8E /* Info.plist */ = {isa = PBXFileReference; lastKnownFileType = text.plist; path = Info.plist; sourceTree = "<group>"; };
		954484C56F6CA65A043E3AA8 /* TerminalSession.swift */ = {isa = PBXFileReference; lastKnownFileType = sourcecode.swift; path = TerminalSession.swift; sourceTree = "<group>"; };
		99B2C72A8AEC06E77F6BA026 /* TouchBarTerminal.entitlements */ = {isa = PBXFileReference; lastKnownFileType = text.plist.entitlements; path = TouchBarTerminal.entitlements; sourceTree = "<group>"; };
		9A70DEE8D702BD700282057A /* GitPanelModeTests.swift */ = {isa = PBXFileReference; lastKnownFileType = sourcecode.swift; path = GitPanelModeTests.swift; sourceTree = "<group>"; };
		A5730B204C4726407D15C312 /* AnsiStripper.swift */ = {isa = PBXFileReference; lastKnownFileType = sourcecode.swift; path = AnsiStripper.swift; sourceTree = "<group>"; };
		B963504F9803A6422DAE3561 /* RunCommandTests.swift */ = {isa = PBXFileReference; lastKnownFileType = sourcecode.swift; path = RunCommandTests.swift; sourceTree = "<group>"; };
		C3B2B54D2ECBBAA010062FE2 /* AnsiStripperTests.swift */ = {isa = PBXFileReference; lastKnownFileType = sourcecode.swift; path = AnsiStripperTests.swift; sourceTree = "<group>"; };
		C531BC171780BF8C5AE56627 /* TouchBarTerminal.app */ = {isa = PBXFileReference; explicitFileType = wrapper.application; includeInIndex = 0; path = TouchBarTerminal.app; sourceTree = BUILT_PRODUCTS_DIR; };
		C83FF82291171789B78E016A /* AppDelegate.swift */ = {isa = PBXFileReference; lastKnownFileType = sourcecode.swift; path = AppDelegate.swift; sourceTree = "<group>"; };
		D295647E4D3C71946400AA19 /* CommandHistoryTests.swift */ = {isa = PBXFileReference; lastKnownFileType = sourcecode.swift; path = CommandHistoryTests.swift; sourceTree = "<group>"; };
		DE7B0F79C6CCFD0EBE628A07 /* StatusItemController.swift */ = {isa = PBXFileReference; lastKnownFileType = sourcecode.swift; path = StatusItemController.swift; sourceTree = "<group>"; };
		FD84DCD1FBA068D878BDC827 /* GitStatus.swift */ = {isa = PBXFileReference; lastKnownFileType = sourcecode.swift; path = GitStatus.swift; sourceTree = "<group>"; };
		FE8973F0A7820B62FBE4E9D8 /* main.swift */ = {isa = PBXFileReference; lastKnownFileType = sourcecode.swift; path = main.swift; sourceTree = "<group>"; };
/* End PBXFileReference section */

/* Begin PBXGroup section */
		0458A3880A3669A24387BFF8 /* Input */ = {
			isa = PBXGroup;
			children = (
				4A3F25F25A1D30CBD98A2063 /* GlobalHotKey.swift */,
				2737A5BF399D957F14C3C900 /* KeyboardInterceptor.swift */,
			);
			path = Input;
			sourceTree = "<group>";
		};
		111174FD583668E26D75DB60 /* PTY */ = {
			isa = PBXGroup;
			children = (
				5425DF859E6EAA6252AFB703 /* ProcessCWD.swift */,
				53BE9563996BA6128255953D /* PTYBridge.swift */,
			);
			path = PTY;
			sourceTree = "<group>";
		};
		2E84B908AD4F56B1551606E5 /* Session */ = {
			isa = PBXGroup;
			children = (
				A5730B204C4726407D15C312 /* AnsiStripper.swift */,
				2568E62C339551F482C4DD80 /* CommandHistory.swift */,
				FD84DCD1FBA068D878BDC827 /* GitStatus.swift */,
				1EFCD2E1DA437584E3588E29 /* PathCompleter.swift */,
				57EC57C433641DF940C692A5 /* TerminalParser.swift */,
				954484C56F6CA65A043E3AA8 /* TerminalSession.swift */,
			);
			path = Session;
			sourceTree = "<group>";
		};
		40218E2CD85F561AD0A7494C = {
			isa = PBXGroup;
			children = (
				03738BE7CB3AF3D97028E75C /* docs */,
				48867698F2DBAF5D40741F96 /* TouchBarTerminal */,
				E15F7E90C27D4706519CC33B /* TouchBarTerminalTests */,
				E3CE99FD09DA157D4B3A4C6F /* Products */,
			);
			sourceTree = "<group>";
		};
		48867698F2DBAF5D40741F96 /* TouchBarTerminal */ = {
			isa = PBXGroup;
			children = (
				E1841D7F64D6962CE76DB10A /* App */,
				0458A3880A3669A24387BFF8 /* Input */,
				111174FD583668E26D75DB60 /* PTY */,
				2E84B908AD4F56B1551606E5 /* Session */,
				8A03102AB6739330607A848F /* UI */,
			);
			path = TouchBarTerminal;
			sourceTree = "<group>";
		};
		8A03102AB6739330607A848F /* UI */ = {
			isa = PBXGroup;
			children = (
				39069031DD5FE89F2A0EE2A3 /* GitPanelMode.swift */,
				DE7B0F79C6CCFD0EBE628A07 /* StatusItemController.swift */,
				83980142316B07111FCBABD5 /* TouchBarController.swift */,
			);
			path = UI;
			sourceTree = "<group>";
		};
		E15F7E90C27D4706519CC33B /* TouchBarTerminalTests */ = {
			isa = PBXGroup;
			children = (
				C3B2B54D2ECBBAA010062FE2 /* AnsiStripperTests.swift */,
				D295647E4D3C71946400AA19 /* CommandHistoryTests.swift */,
				9A70DEE8D702BD700282057A /* GitPanelModeTests.swift */,
				3B3C796C5D52ED8ADA6CF1DD /* GitStatusTests.swift */,
				25AA11759DFEDB6938588F43 /* PathCompleterTests.swift */,
				6E176490AFBEF8AFB9CC6B81 /* ProcessCWDTests.swift */,
				B963504F9803A6422DAE3561 /* RunCommandTests.swift */,
				6A4550DA6F1C7C8146CABCCC /* TerminalParserTests.swift */,
			);
			path = TouchBarTerminalTests;
			sourceTree = "<group>";
		};
		E1841D7F64D6962CE76DB10A /* App */ = {
			isa = PBXGroup;
			children = (
				73169BBADF041E6617B6AAD0 /* AppConfig.swift */,
				C83FF82291171789B78E016A /* AppDelegate.swift */,
				93238C9A3F80932C038D5C8E /* Info.plist */,
				FE8973F0A7820B62FBE4E9D8 /* main.swift */,
				99B2C72A8AEC06E77F6BA026 /* TouchBarTerminal.entitlements */,
			);
			path = App;
			sourceTree = "<group>";
		};
		E3CE99FD09DA157D4B3A4C6F /* Products */ = {
			isa = PBXGroup;
			children = (
				C531BC171780BF8C5AE56627 /* TouchBarTerminal.app */,
				7F1166299CD1A128FA49CC03 /* TouchBarTerminalTests.xctest */,
			);
			name = Products;
			sourceTree = "<group>";
		};
/* End PBXGroup section */

/* Begin PBXNativeTarget section */
		12A02B919FCC23C9AB125835 /* TouchBarTerminalTests */ = {
			isa = PBXNativeTarget;
			buildConfigurationList = 5EBF95D3A6316254F8AD7CC0 /* Build configuration list for PBXNativeTarget "TouchBarTerminalTests" */;
			buildPhases = (
				704357026D8C5173C0A4D0BB /* Sources */,
			);
			buildRules = (
			);
			dependencies = (
				E026CF7998F76C4FFBDC1203 /* PBXTargetDependency */,
			);
			name = TouchBarTerminalTests;
			packageProductDependencies = (
			);
			productName = TouchBarTerminalTests;
			productReference = 7F1166299CD1A128FA49CC03 /* TouchBarTerminalTests.xctest */;
			productType = "com.apple.product-type.bundle.unit-test";
		};
		67EE1A22238D9C210D1A58F6 /* TouchBarTerminal */ = {
			isa = PBXNativeTarget;
			buildConfigurationList = 103623F75814C4CCD75E134A /* Build configuration list for PBXNativeTarget "TouchBarTerminal" */;
			buildPhases = (
				514DF49C10A53A95335E8DE1 /* Sources */,
				A56020A8C75DCF881CC82EFB /* Resources */,
			);
			buildRules = (
			);
			dependencies = (
			);
			name = TouchBarTerminal;
			packageProductDependencies = (
			);
			productName = TouchBarTerminal;
			productReference = C531BC171780BF8C5AE56627 /* TouchBarTerminal.app */;
			productType = "com.apple.product-type.application";
		};
/* End PBXNativeTarget section */

/* Begin PBXProject section */
		314866B96AE00129FFE59740 /* Project object */ = {
			isa = PBXProject;
			attributes = {
				BuildIndependentTargetsInParallel = YES;
				LastUpgradeCheck = 1600;
				TargetAttributes = {
					12A02B919FCC23C9AB125835 = {
						ProvisioningStyle = Automatic;
					};
					67EE1A22238D9C210D1A58F6 = {
						ProvisioningStyle = Automatic;
					};
				};
			};
			buildConfigurationList = E1E2614AB3D717163E5C9990 /* Build configuration list for PBXProject "TouchBarTerminal" */;
			developmentRegion = en;
			hasScannedForEncodings = 0;
			knownRegions = (
				Base,
				en,
			);
			mainGroup = 40218E2CD85F561AD0A7494C;
			minimizedProjectReferenceProxies = 1;
			preferredProjectObjectVersion = 77;
			productRefGroup = E3CE99FD09DA157D4B3A4C6F /* Products */;
			projectDirPath = "";
			projectRoot = "";
			targets = (
				67EE1A22238D9C210D1A58F6 /* TouchBarTerminal */,
				12A02B919FCC23C9AB125835 /* TouchBarTerminalTests */,
			);
		};
/* End PBXProject section */

/* Begin PBXResourcesBuildPhase section */
		A56020A8C75DCF881CC82EFB /* Resources */ = {
			isa = PBXResourcesBuildPhase;
			buildActionMask = 2147483647;
			files = (
				DF8FB48B9E6920F66632FA75 /* docs in Resources */,
			);
			runOnlyForDeploymentPostprocessing = 0;
		};
/* End PBXResourcesBuildPhase section */

/* Begin PBXSourcesBuildPhase section */
		514DF49C10A53A95335E8DE1 /* Sources */ = {
			isa = PBXSourcesBuildPhase;
			buildActionMask = 2147483647;
			files = (
				B4E8C86E144DD735D4F1DCE2 /* AnsiStripper.swift in Sources */,
				7B3E90DCB962394098CF9677 /* AppConfig.swift in Sources */,
				E5F58EF589F2544B091571F7 /* AppDelegate.swift in Sources */,
				D6D577A8795403E5B3FB22CF /* CommandHistory.swift in Sources */,
				6AD6D1B27D1FED679AE96795 /* GitPanelMode.swift in Sources */,
				99C340AD1616DE9C2BBDC8A4 /* GitStatus.swift in Sources */,
				4BD061C420CD1299DE0E6211 /* GlobalHotKey.swift in Sources */,
				028CE4C8D425F69AC1A19C78 /* KeyboardInterceptor.swift in Sources */,
				B4EEC0FEC45B26958B3C72B5 /* PTYBridge.swift in Sources */,
				6517A8DB91186DA6955A42A0 /* PathCompleter.swift in Sources */,
				7F3BBE8E229B59486A7765FC /* ProcessCWD.swift in Sources */,
				41DFD13C7066EDF84DC0CA65 /* StatusItemController.swift in Sources */,
				E1CD9751193214DD70F49F01 /* TerminalParser.swift in Sources */,
				F235973025E712A66FC93AAB /* TerminalSession.swift in Sources */,
				8F3A7EBF180599046723BC9C /* TouchBarController.swift in Sources */,
				23210B1FD78DD29DFEE68476 /* main.swift in Sources */,
			);
			runOnlyForDeploymentPostprocessing = 0;
		};
		704357026D8C5173C0A4D0BB /* Sources */ = {
			isa = PBXSourcesBuildPhase;
			buildActionMask = 2147483647;
			files = (
				78F7E70FBD2309757BB9D563 /* AnsiStripperTests.swift in Sources */,
				5960F58A49FFDA121DAB1EB4 /* CommandHistoryTests.swift in Sources */,
				18AF0511ED0B0D06B3253709 /* GitPanelModeTests.swift in Sources */,
				D5673926FA7CBE8F3DA26E2A /* GitStatusTests.swift in Sources */,
				037E96850AF68D1F7BCCBF4D /* PathCompleterTests.swift in Sources */,
				4D28DC063F26C3F136696B70 /* ProcessCWDTests.swift in Sources */,
				AE944AEBC0A2644D7CB5AED8 /* RunCommandTests.swift in Sources */,
				A6900FEA6291461B699C6FF5 /* TerminalParserTests.swift in Sources */,
			);
			runOnlyForDeploymentPostprocessing = 0;
		};
/* End PBXSourcesBuildPhase section */

/* Begin PBXTargetDependency section */
		E026CF7998F76C4FFBDC1203 /* PBXTargetDependency */ = {
			isa = PBXTargetDependency;
			target = 67EE1A22238D9C210D1A58F6 /* TouchBarTerminal */;
			targetProxy = 567F1AAD5E18137C3631DBBA /* PBXContainerItemProxy */;
		};
/* End PBXTargetDependency section */

/* Begin XCBuildConfiguration section */
		2E8ABC3634BDBE0401AD3EB5 /* Release */ = {
			isa = XCBuildConfiguration;
			buildSettings = {
				ALWAYS_SEARCH_USER_PATHS = NO;
				ARCHS = "$(ARCHS_STANDARD)";
				CLANG_ANALYZER_NONNULL = YES;
				CLANG_ANALYZER_NUMBER_OBJECT_CONVERSION = YES_AGGRESSIVE;
				CLANG_CXX_LANGUAGE_STANDARD = "gnu++14";
				CLANG_CXX_LIBRARY = "libc++";
				CLANG_ENABLE_MODULES = YES;
				CLANG_ENABLE_OBJC_ARC = YES;
				CLANG_ENABLE_OBJC_WEAK = YES;
				CLANG_WARN_BLOCK_CAPTURE_AUTORELEASING = YES;
				CLANG_WARN_BOOL_CONVERSION = YES;
				CLANG_WARN_COMMA = YES;
				CLANG_WARN_CONSTANT_CONVERSION = YES;
				CLANG_WARN_DEPRECATED_OBJC_IMPLEMENTATIONS = YES;
				CLANG_WARN_DIRECT_OBJC_ISA_USAGE = YES_ERROR;
				CLANG_WARN_DOCUMENTATION_COMMENTS = YES;
				CLANG_WARN_EMPTY_BODY = YES;
				CLANG_WARN_ENUM_CONVERSION = YES;
				CLANG_WARN_INFINITE_RECURSION = YES;
				CLANG_WARN_INT_CONVERSION = YES;
				CLANG_WARN_NON_LITERAL_NULL_CONVERSION = YES;
				CLANG_WARN_OBJC_IMPLICIT_RETAIN_SELF = YES;
				CLANG_WARN_OBJC_LITERAL_CONVERSION = YES;
				CLANG_WARN_OBJC_ROOT_CLASS = YES_ERROR;
				CLANG_WARN_QUOTED_INCLUDE_IN_FRAMEWORK_HEADER = YES;
				CLANG_WARN_RANGE_LOOP_ANALYSIS = YES;
				CLANG_WARN_STRICT_PROTOTYPES = YES;
				CLANG_WARN_SUSPICIOUS_MOVE = YES;
				CLANG_WARN_UNGUARDED_AVAILABILITY = YES_AGGRESSIVE;
				CLANG_WARN_UNREACHABLE_CODE = YES;
				CLANG_WARN__DUPLICATE_METHOD_MATCH = YES;
				CODE_SIGN_STYLE = Automatic;
				COPY_PHASE_STRIP = NO;
				DEBUG_INFORMATION_FORMAT = "dwarf-with-dsym";
				ENABLE_NS_ASSERTIONS = NO;
				ENABLE_STRICT_OBJC_MSGSEND = YES;
				GCC_C_LANGUAGE_STANDARD = gnu11;
				GCC_NO_COMMON_BLOCKS = YES;
				GCC_WARN_64_TO_32_BIT_CONVERSION = YES;
				GCC_WARN_ABOUT_RETURN_TYPE = YES_ERROR;
				GCC_WARN_UNDECLARED_SELECTOR = YES;
				GCC_WARN_UNINITIALIZED_AUTOS = YES_AGGRESSIVE;
				GCC_WARN_UNUSED_FUNCTION = YES;
				GCC_WARN_UNUSED_VARIABLE = YES;
				MACOSX_DEPLOYMENT_TARGET = 13.0;
				MTL_ENABLE_DEBUG_INFO = NO;
				MTL_FAST_MATH = YES;
				PRODUCT_NAME = "$(TARGET_NAME)";
				SDKROOT = macosx;
				SWIFT_COMPILATION_MODE = wholemodule;
				SWIFT_OPTIMIZATION_LEVEL = "-O";
				SWIFT_VERSION = 5.9;
			};
			name = Release;
		};
		3625CB6F7DD5550EED8666A0 /* Debug */ = {
			isa = XCBuildConfiguration;
			buildSettings = {
				ASSETCATALOG_COMPILER_APPICON_NAME = AppIcon;
				CODE_SIGN_ENTITLEMENTS = TouchBarTerminal/App/TouchBarTerminal.entitlements;
				COMBINE_HIDPI_IMAGES = YES;
				INFOPLIST_FILE = TouchBarTerminal/App/Info.plist;
				LD_RUNPATH_SEARCH_PATHS = (
					"$(inherited)",
					"@executable_path/../Frameworks",
				);
				PRODUCT_BUNDLE_IDENTIFIER = com.smallfire.TouchBarTerminal;
				SDKROOT = macosx;
			};
			name = Debug;
		};
		5D6E96DD3722603540BA2B97 /* Release */ = {
			isa = XCBuildConfiguration;
			buildSettings = {
				BUNDLE_LOADER = "$(TEST_HOST)";
				CODE_SIGNING_ALLOWED = NO;
				COMBINE_HIDPI_IMAGES = YES;
				GENERATE_INFOPLIST_FILE = YES;
				LD_RUNPATH_SEARCH_PATHS = (
					"$(inherited)",
					"@executable_path/../Frameworks",
					"@loader_path/../Frameworks",
				);
				PRODUCT_BUNDLE_IDENTIFIER = com.smallfire.TouchBarTerminalTests;
				SDKROOT = macosx;
				TEST_HOST = "$(BUILT_PRODUCTS_DIR)/TouchBarTerminal.app/Contents/MacOS/TouchBarTerminal";
			};
			name = Release;
		};
		B8B6A41084E42FACF9354D57 /* Debug */ = {
			isa = XCBuildConfiguration;
			buildSettings = {
				BUNDLE_LOADER = "$(TEST_HOST)";
				CODE_SIGNING_ALLOWED = NO;
				COMBINE_HIDPI_IMAGES = YES;
				GENERATE_INFOPLIST_FILE = YES;
				LD_RUNPATH_SEARCH_PATHS = (
					"$(inherited)",
					"@executable_path/../Frameworks",
					"@loader_path/../Frameworks",
				);
				PRODUCT_BUNDLE_IDENTIFIER = com.smallfire.TouchBarTerminalTests;
				SDKROOT = macosx;
				TEST_HOST = "$(BUILT_PRODUCTS_DIR)/TouchBarTerminal.app/Contents/MacOS/TouchBarTerminal";
			};
			name = Debug;
		};
		CD0130148B3C953DF8207E09 /* Debug */ = {
			isa = XCBuildConfiguration;
			buildSettings = {
				ALWAYS_SEARCH_USER_PATHS = NO;
				ARCHS = "$(ARCHS_STANDARD)";
				CLANG_ANALYZER_NONNULL = YES;
				CLANG_ANALYZER_NUMBER_OBJECT_CONVERSION = YES_AGGRESSIVE;
				CLANG_CXX_LANGUAGE_STANDARD = "gnu++14";
				CLANG_CXX_LIBRARY = "libc++";
				CLANG_ENABLE_MODULES = YES;
				CLANG_ENABLE_OBJC_ARC = YES;
				CLANG_ENABLE_OBJC_WEAK = YES;
				CLANG_WARN_BLOCK_CAPTURE_AUTORELEASING = YES;
				CLANG_WARN_BOOL_CONVERSION = YES;
				CLANG_WARN_COMMA = YES;
				CLANG_WARN_CONSTANT_CONVERSION = YES;
				CLANG_WARN_DEPRECATED_OBJC_IMPLEMENTATIONS = YES;
				CLANG_WARN_DIRECT_OBJC_ISA_USAGE = YES_ERROR;
				CLANG_WARN_DOCUMENTATION_COMMENTS = YES;
				CLANG_WARN_EMPTY_BODY = YES;
				CLANG_WARN_ENUM_CONVERSION = YES;
				CLANG_WARN_INFINITE_RECURSION = YES;
				CLANG_WARN_INT_CONVERSION = YES;
				CLANG_WARN_NON_LITERAL_NULL_CONVERSION = YES;
				CLANG_WARN_OBJC_IMPLICIT_RETAIN_SELF = YES;
				CLANG_WARN_OBJC_LITERAL_CONVERSION = YES;
				CLANG_WARN_OBJC_ROOT_CLASS = YES_ERROR;
				CLANG_WARN_QUOTED_INCLUDE_IN_FRAMEWORK_HEADER = YES;
				CLANG_WARN_RANGE_LOOP_ANALYSIS = YES;
				CLANG_WARN_STRICT_PROTOTYPES = YES;
				CLANG_WARN_SUSPICIOUS_MOVE = YES;
				CLANG_WARN_UNGUARDED_AVAILABILITY = YES_AGGRESSIVE;
				CLANG_WARN_UNREACHABLE_CODE = YES;
				CLANG_WARN__DUPLICATE_METHOD_MATCH = YES;
				CODE_SIGN_STYLE = Automatic;
				COPY_PHASE_STRIP = NO;
				DEBUG_INFORMATION_FORMAT = dwarf;
				ENABLE_STRICT_OBJC_MSGSEND = YES;
				ENABLE_TESTABILITY = YES;
				GCC_C_LANGUAGE_STANDARD = gnu11;
				GCC_DYNAMIC_NO_PIC = NO;
				GCC_NO_COMMON_BLOCKS = YES;
				GCC_OPTIMIZATION_LEVEL = 0;
				GCC_PREPROCESSOR_DEFINITIONS = (
					"$(inherited)",
					"DEBUG=1",
				);
				GCC_WARN_64_TO_32_BIT_CONVERSION = YES;
				GCC_WARN_ABOUT_RETURN_TYPE = YES_ERROR;
				GCC_WARN_UNDECLARED_SELECTOR = YES;
				GCC_WARN_UNINITIALIZED_AUTOS = YES_AGGRESSIVE;
				GCC_WARN_UNUSED_FUNCTION = YES;
				GCC_WARN_UNUSED_VARIABLE = YES;
				MACOSX_DEPLOYMENT_TARGET = 13.0;
				MTL_ENABLE_DEBUG_INFO = INCLUDE_SOURCE;
				MTL_FAST_MATH = YES;
				ONLY_ACTIVE_ARCH = YES;
				PRODUCT_NAME = "$(TARGET_NAME)";
				SDKROOT = macosx;
				SWIFT_ACTIVE_COMPILATION_CONDITIONS = DEBUG;
				SWIFT_OPTIMIZATION_LEVEL = "-Onone";
				SWIFT_VERSION = 5.9;
			};
			name = Debug;
		};
		CD7E6D90162705B5842BE524 /* Release */ = {
			isa = XCBuildConfiguration;
			buildSettings = {
				ASSETCATALOG_COMPILER_APPICON_NAME = AppIcon;
				CODE_SIGN_ENTITLEMENTS = TouchBarTerminal/App/TouchBarTerminal.entitlements;
				COMBINE_HIDPI_IMAGES = YES;
				INFOPLIST_FILE = TouchBarTerminal/App/Info.plist;
				LD_RUNPATH_SEARCH_PATHS = (
					"$(inherited)",
					"@executable_path/../Frameworks",
				);
				PRODUCT_BUNDLE_IDENTIFIER = com.smallfire.TouchBarTerminal;
				SDKROOT = macosx;
			};
			name = Release;
		};
/* End XCBuildConfiguration section */

/* Begin XCConfigurationList section */
		103623F75814C4CCD75E134A /* Build configuration list for PBXNativeTarget "TouchBarTerminal" */ = {
			isa = XCConfigurationList;
			buildConfigurations = (
				3625CB6F7DD5550EED8666A0 /* Debug */,
				CD7E6D90162705B5842BE524 /* Release */,
			);
			defaultConfigurationIsVisible = 0;
			defaultConfigurationName = Debug;
		};
		5EBF95D3A6316254F8AD7CC0 /* Build configuration list for PBXNativeTarget "TouchBarTerminalTests" */ = {
			isa = XCConfigurationList;
			buildConfigurations = (
				B8B6A41084E42FACF9354D57 /* Debug */,
				5D6E96DD3722603540BA2B97 /* Release */,
			);
			defaultConfigurationIsVisible = 0;
			defaultConfigurationName = Debug;
		};
		E1E2614AB3D717163E5C9990 /* Build configuration list for PBXProject "TouchBarTerminal" */ = {
			isa = XCConfigurationList;
			buildConfigurations = (
				CD0130148B3C953DF8207E09 /* Debug */,
				2E8ABC3634BDBE0401AD3EB5 /* Release */,
			);
			defaultConfigurationIsVisible = 0;
			defaultConfigurationName = Debug;
		};
/* End XCConfigurationList section */
	};
	rootObject = 314866B96AE00129FFE59740 /* Project object */;
}
